
Microsoft Visual Studio Solution File, Format Version 12.00
# Visual Studio Version 17
VisualStudioVersion = 17.1.32210.238
MinimumVisualStudioVersion = 10.0.40219.1
Project("{2150E333-8FDC-42A3-9474-1A3956D46DE8}") = "src", "src", "{CFFB1EB9-6447-4C20-8400-27D7E2B04508}"
EndProject
Project("{2150E333-8FDC-42A3-9474-1A3956D46DE8}") = "tests", "tests", "{1362EA01-9B01-4E17-A8FB-E42730A2AAB1}"
EndProject
Project("{2150E333-8FDC-42A3-9474-1A3956D46DE8}") = "corePackages", "corePackages", "{01B7F227-CE8F-41FD-9AF8-6AF5E5259161}"
EndProject
Project("{2150E333-8FDC-42A3-9474-1A3956D46DE8}") = "demoProjects", "demoProjects", "{84E05683-0E4A-4FB1-8FD4-9F0C509BC74C}"
EndProject
Project("{9A19103F-16F7-4668-BE54-9A1E7A4F7556}") = "Core.Application", "src\corePackages\Core.Application\Core.Application.csproj", "{CD9A8AA1-5CAB-4218-91C5-2550BB86354A}"
EndProject
Project("{9A19103F-16F7-4668-BE54-9A1E7A4F7556}") = "Core.CrossCuttingConcerns", "src\corePackages\Core.CrossCuttingConcers\Core.CrossCuttingConcerns.csproj", "{A6D04B11-0C09-4361-B044-B743F61D9E06}"
EndProject
Project("{9A19103F-16F7-4668-BE54-9A1E7A4F7556}") = "Core.ElasticSearch", "src\corePackages\Core.ElasticSearch\Core.ElasticSearch.csproj", "{EAE0F331-1D99-42F6-9926-34C3EAD78BBF}"
EndProject
Project("{9A19103F-16F7-4668-BE54-9A1E7A4F7556}") = "Core.Mailing", "src\corePackages\Core.Mailing\Core.Mailing.csproj", "{4EA615C5-8C04-4EA1-91DA-C86DA54D2E63}"
EndProject
Project("{9A19103F-16F7-4668-BE54-9A1E7A4F7556}") = "Core.Persistence", "src\corePackages\Core.Persistence\Core.Persistence.csproj", "{54635492-7F95-449B-8C5B-493566F68D4A}"
EndProject
Project("{9A19103F-16F7-4668-BE54-9A1E7A4F7556}") = "Core.Security", "src\corePackages\Core.Security\Core.Security.csproj", "{00AA7CFA-B348-4303-B3D0-40750DA10B94}"
EndProject
Project("{2150E333-8FDC-42A3-9474-1A3956D46DE8}") = "rentACar", "rentACar", "{539253E7-90EC-4784-A98F-FCFABF0F9711}"
EndProject
Project("{9A19103F-16F7-4668-BE54-9A1E7A4F7556}") = "Application", "src\demoProjects\rentACar\Application\Application.csproj", "{DDD300FB-EE28-469B-A8CB-D87688F6C3E7}"
EndProject
Project("{9A19103F-16F7-4668-BE54-9A1E7A4F7556}") = "Domain", "src\demoProjects\rentACar\Domain\Domain.csproj", "{84CAA6E6-0CA9-4538-861E-58EA006C8061}"
EndProject
Project("{9A19103F-16F7-4668-BE54-9A1E7A4F7556}") = "Infrastructure", "src\demoProjects\rentACar\Infrastructure\Infrastructure.csproj", "{B4801C91-F157-4A72-9353-38C48563AD49}"
EndProject
Project("{9A19103F-16F7-4668-BE54-9A1E7A4F7556}") = "Persistance", "src\demoProjects\rentACar\Persistance\Persistance.csproj", "{9A41E8B9-A54D-424C-86FB-C13CA743BF45}"
EndProject
Project("{9A19103F-16F7-4668-BE54-9A1E7A4F7556}") = "WebAPI", "src\demoProjects\rentACar\WebAPI\WebAPI.csproj", "{EBDA44C9-8D5E-43FE-9A3F-D5266FD44A58}"
EndProject
Project("{2150E333-8FDC-42A3-9474-1A3956D46DE8}") = "templateProject", "templateProject", "{542D6F6A-9B67-4574-A09C-B3C08A076E9A}"
EndProject
Project("{9A19103F-16F7-4668-BE54-9A1E7A4F7556}") = "Domain", "src\demoProjects\templateProject\Domain\Domain.csproj", "{3846C521-85EE-4858-B0AC-8DDAF8B467EA}"
EndProject
Project("{9A19103F-16F7-4668-BE54-9A1E7A4F7556}") = "Application", "src\demoProjects\templateProject\Application\Application.csproj", "{E67E9225-B94F-4A94-B463-045D5BF2ED5C}"
EndProject
Project("{9A19103F-16F7-4668-BE54-9A1E7A4F7556}") = "Infrastructure", "src\demoProjects\templateProject\Infrastructure\Infrastructure.csproj", "{DC6F31BB-C9F8-49AB-BF70-C8321C4E8F53}"
EndProject
Project("{9A19103F-16F7-4668-BE54-9A1E7A4F7556}") = "Persistence", "src\demoProjects\templateProject\Persistence\Persistence.csproj", "{259A6829-4762-4F8E-A809-37506620FE72}"
EndProject
Project("{9A19103F-16F7-4668-BE54-9A1E7A4F7556}") = "WebAPI", "src\demoProjects\templateProject\WebAPI\WebAPI.csproj", "{E679A44A-4589-4B18-909B-7A74C10C08DA}"
EndProject
Global
	GlobalSection(SolutionConfigurationPlatforms) = preSolution
		Debug|Any CPU = Debug|Any CPU
		Release|Any CPU = Release|Any CPU
	EndGlobalSection
	GlobalSection(ProjectConfigurationPlatforms) = postSolution
		{CD9A8AA1-5CAB-4218-91C5-2550BB86354A}.Debug|Any CPU.ActiveCfg = Debug|Any CPU
		{CD9A8AA1-5CAB-4218-91C5-2550BB86354A}.Debug|Any CPU.Build.0 = Debug|Any CPU
		{CD9A8AA1-5CAB-4218-91C5-2550BB86354A}.Release|Any CPU.ActiveCfg = Release|Any CPU
		{CD9A8AA1-5CAB-4218-91C5-2550BB86354A}.Release|Any CPU.Build.0 = Release|Any CPU
		{A6D04B11-0C09-4361-B044-B743F61D9E06}.Debug|Any CPU.ActiveCfg = Debug|Any CPU
		{A6D04B11-0C09-4361-B044-B743F61D9E06}.Debug|Any CPU.Build.0 = Debug|Any CPU
		{A6D04B11-0C09-4361-B044-B743F61D9E06}.Release|Any CPU.ActiveCfg = Release|Any CPU
		{A6D04B11-0C09-4361-B044-B743F61D9E06}.Release|Any CPU.Build.0 = Release|Any CPU
		{EAE0F331-1D99-42F6-9926-34C3EAD78BBF}.Debug|Any CPU.ActiveCfg = Debug|Any CPU
		{EAE0F331-1D99-42F6-9926-34C3EAD78BBF}.Debug|Any CPU.Build.0 = Debug|Any CPU
		{EAE0F331-1D99-42F6-9926-34C3EAD78BBF}.Release|Any CPU.ActiveCfg = Release|Any CPU
		{EAE0F331-1D99-42F6-9926-34C3EAD78BBF}.Release|Any CPU.Build.0 = Release|Any CPU
		{4EA615C5-8C04-4EA1-91DA-C86DA54D2E63}.Debug|Any CPU.ActiveCfg = Debug|Any CPU
		{4EA615C5-8C04-4EA1-91DA-C86DA54D2E63}.Debug|Any CPU.Build.0 = Debug|Any CPU
		{4EA615C5-8C04-4EA1-91DA-C86DA54D2E63}.Release|Any CPU.ActiveCfg = Release|Any CPU
		{4EA615C5-8C04-4EA1-91DA-C86DA54D2E63}.Release|Any CPU.Build.0 = Release|Any CPU
		{54635492-7F95-449B-8C5B-493566F68D4A}.Debug|Any CPU.ActiveCfg = Debug|Any CPU
		{54635492-7F95-449B-8C5B-493566F68D4A}.Debug|Any CPU.Build.0 = Debug|Any CPU
		{54635492-7F95-449B-8C5B-493566F68D4A}.Release|Any CPU.ActiveCfg = Release|Any CPU
		{54635492-7F95-449B-8C5B-493566F68D4A}.Release|Any CPU.Build.0 = Release|Any CPU
		{00AA7CFA-B348-4303-B3D0-40750DA10B94}.Debug|Any CPU.ActiveCfg = Debug|Any CPU
		{00AA7CFA-B348-4303-B3D0-40750DA10B94}.Debug|Any CPU.Build.0 = Debug|Any CPU
		{00AA7CFA-B348-4303-B3D0-40750DA10B94}.Release|Any CPU.ActiveCfg = Release|Any CPU
		{00AA7CFA-B348-4303-B3D0-40750DA10B94}.Release|Any CPU.Build.0 = Release|Any CPU
		{DDD300FB-EE28-469B-A8CB-D87688F6C3E7}.Debug|Any CPU.ActiveCfg = Debug|Any CPU
		{DDD300FB-EE28-469B-A8CB-D87688F6C3E7}.Debug|Any CPU.Build.0 = Debug|Any CPU
		{DDD300FB-EE28-469B-A8CB-D87688F6C3E7}.Release|Any CPU.ActiveCfg = Release|Any CPU
		{DDD300FB-EE28-469B-A8CB-D87688F6C3E7}.Release|Any CPU.Build.0 = Release|Any CPU
		{84CAA6E6-0CA9-4538-861E-58EA006C8061}.Debug|Any CPU.ActiveCfg = Debug|Any CPU
		{84CAA6E6-0CA9-4538-861E-58EA006C8061}.Debug|Any CPU.Build.0 = Debug|Any CPU
		{84CAA6E6-0CA9-4538-861E-58EA006C8061}.Release|Any CPU.ActiveCfg = Release|Any CPU
		{84CAA6E6-0CA9-4538-861E-58EA006C8061}.Release|Any CPU.Build.0 = Release|Any CPU
		{B4801C91-F157-4A72-9353-38C48563AD49}.Debug|Any CPU.ActiveCfg = Debug|Any CPU
		{B4801C91-F157-4A72-9353-38C48563AD49}.Debug|Any CPU.Build.0 = Debug|Any CPU
		{B4801C91-F157-4A72-9353-38C48563AD49}.Release|Any CPU.ActiveCfg = Release|Any CPU
		{B4801C91-F157-4A72-9353-38C48563AD49}.Release|Any CPU.Build.0 = Release|Any CPU
		{9A41E8B9-A54D-424C-86FB-C13CA743BF45}.Debug|Any CPU.ActiveCfg = Debug|Any CPU
		{9A41E8B9-A54D-424C-86FB-C13CA743BF45}.Debug|Any CPU.Build.0 = Debug|Any CPU
		{9A41E8B9-A54D-424C-86FB-C13CA743BF45}.Release|Any CPU.ActiveCfg = Release|Any CPU
		{9A41E8B9-A54D-424C-86FB-C13CA743BF45}.Release|Any CPU.Build.0 = Release|Any CPU
		{EBDA44C9-8D5E-43FE-9A3F-D5266FD44A58}.Debug|Any CPU.ActiveCfg = Debug|Any CPU
		{EBDA44C9-8D5E-43FE-9A3F-D5266FD44A58}.Debug|Any CPU.Build.0 = Debug|Any CPU
		{EBDA44C9-8D5E-43FE-9A3F-D5266FD44A58}.Release|Any CPU.ActiveCfg = Release|Any CPU
		{EBDA44C9-8D5E-43FE-9A3F-D5266FD44A58}.Release|Any CPU.Build.0 = Release|Any CPU
		{3846C521-85EE-4858-B0AC-8DDAF8B467EA}.Debug|Any CPU.ActiveCfg = Debug|Any CPU
		{3846C521-85EE-4858-B0AC-8DDAF8B467EA}.Debug|Any CPU.Build.0 = Debug|Any CPU
		{3846C521-85EE-4858-B0AC-8DDAF8B467EA}.Release|Any CPU.ActiveCfg = Release|Any CPU
		{3846C521-85EE-4858-B0AC-8DDAF8B467EA}.Release|Any CPU.Build.0 = Release|Any CPU
		{E67E9225-B94F-4A94-B463-045D5BF2ED5C}.Debug|Any CPU.ActiveCfg = Debug|Any CPU
		{E67E9225-B94F-4A94-B463-045D5BF2ED5C}.Debug|Any CPU.Build.0 = Debug|Any CPU
		{E67E9225-B94F-4A94-B463-045D5BF2ED5C}.Release|Any CPU.ActiveCfg = Release|Any CPU
		{E67E9225-B94F-4A94-B463-045D5BF2ED5C}.Release|Any CPU.Build.0 = Release|Any CPU
		{DC6F31BB-C9F8-49AB-BF70-C8321C4E8F53}.Debug|Any CPU.ActiveCfg = Debug|Any CPU
		{DC6F31BB-C9F8-49AB-BF70-C8321C4E8F53}.Debug|Any CPU.Build.0 = Debug|Any CPU
		{DC6F31BB-C9F8-49AB-BF70-C8321C4E8F53}.Release|Any CPU.ActiveCfg = Release|Any CPU
		{DC6F31BB-C9F8-49AB-BF70-C8321C4E8F53}.Release|Any CPU.Build.0 = Release|Any CPU
		{259A6829-4762-4F8E-A809-37506620FE72}.Debug|Any CPU.ActiveCfg = Debug|Any CPU
		{259A6829-4762-4F8E-A809-37506620FE72}.Debug|Any CPU.Build.0 = Debug|Any CPU
		{259A6829-4762-4F8E-A809-37506620FE72}.Release|Any CPU.ActiveCfg = Release|Any CPU
		{259A6829-4762-4F8E-A809-37506620FE72}.Release|Any CPU.Build.0 = Release|Any CPU
		{E679A44A-4589-4B18-909B-7A74C10C08DA}.Debug|Any CPU.ActiveCfg = Debug|Any CPU
		{E679A44A-4589-4B18-909B-7A74C10C08DA}.Debug|Any CPU.Build.0 = Debug|Any CPU
		{E679A44A-4589-4B18-909B-7A74C10C08DA}.Release|Any CPU.ActiveCfg = Release|Any CPU
		{E679A44A-4589-4B18-909B-7A74C10C08DA}.Release|Any CPU.Build.0 = Release|Any CPU
	EndGlobalSection
	GlobalSection(SolutionProperties) = preSolution
		HideSolutionNode = FALSE
	EndGlobalSection
	GlobalSection(NestedProjects) = preSolution
		{01B7F227-CE8F-41FD-9AF8-6AF5E5259161} = {CFFB1EB9-6447-4C20-8400-27D7E2B04508}
		{84E05683-0E4A-4FB1-8FD4-9F0C509BC74C} = {CFFB1EB9-6447-4C20-8400-27D7E2B04508}
		{CD9A8AA1-5CAB-4218-91C5-2550BB86354A} = {01B7F227-CE8F-41FD-9AF8-6AF5E5259161}
		{A6D04B11-0C09-4361-B044-B743F61D9E06} = {01B7F227-CE8F-41FD-9AF8-6AF5E5259161}
		{EAE0F331-1D99-42F6-9926-34C3EAD78BBF} = {01B7F227-CE8F-41FD-9AF8-6AF5E5259161}
		{4EA615C5-8C04-4EA1-91DA-C86DA54D2E63} = {01B7F227-CE8F-41FD-9AF8-6AF5E5259161}
		{54635492-7F95-449B-8C5B-493566F68D4A} = {01B7F227-CE8F-41FD-9AF8-6AF5E5259161}
		{00AA7CFA-B348-4303-B3D0-40750DA10B94} = {01B7F227-CE8F-41FD-9AF8-6AF5E5259161}
		{539253E7-90EC-4784-A98F-FCFABF0F9711} = {84E05683-0E4A-4FB1-8FD4-9F0C509BC74C}
		{DDD300FB-EE28-469B-A8CB-D87688F6C3E7} = {539253E7-90EC-4784-A98F-FCFABF0F9711}
		{84CAA6E6-0CA9-4538-861E-58EA006C8061} = {539253E7-90EC-4784-A98F-FCFABF0F9711}
		{B4801C91-F157-4A72-9353-38C48563AD49} = {539253E7-90EC-4784-A98F-FCFABF0F9711}
		{9A41E8B9-A54D-424C-86FB-C13CA743BF45} = {539253E7-90EC-4784-A98F-FCFABF0F9711}
		{EBDA44C9-8D5E-43FE-9A3F-D5266FD44A58} = {539253E7-90EC-4784-A98F-FCFABF0F9711}
		{542D6F6A-9B67-4574-A09C-B3C08A076E9A} = {84E05683-0E4A-4FB1-8FD4-9F0C509BC74C}
		{3846C521-85EE-4858-B0AC-8DDAF8B467EA} = {542D6F6A-9B67-4574-A09C-B3C08A076E9A}
		{E67E9225-B94F-4A94-B463-045D5BF2ED5C} = {542D6F6A-9B67-4574-A09C-B3C08A076E9A}
		{DC6F31BB-C9F8-49AB-BF70-C8321C4E8F53} = {542D6F6A-9B67-4574-A09C-B3C08A076E9A}
		{259A6829-4762-4F8E-A809-37506620FE72} = {542D6F6A-9B67-4574-A09C-B3C08A076E9A}
		{E679A44A-4589-4B18-909B-7A74C10C08DA} = {542D6F6A-9B67-4574-A09C-B3C08A076E9A}
	EndGlobalSection
	GlobalSection(ExtensibilityGlobals) = postSolution
		SolutionGuid = {C127633B-AB1B-43AE-A516-DCF06F13F757}
	EndGlobalSection
EndGlobal
